
Microsoft Visual Studio Solution File, Format Version 12.00
# Visual Studio Version 17
VisualStudioVersion = 17.1.32414.318
MinimumVisualStudioVersion = 10.0.40219.1
Project("{9A19103F-16F7-4668-BE54-9A1E7A4F7556}") = "Clase1", "Clase1\Clase1.csproj", "{6DE2E08E-F6C0-4227-BDD1-B86F45AA36A4}"
EndProject
Project("{9A19103F-16F7-4668-BE54-9A1E7A4F7556}") = "Pizzeria", "Nuevo\Pizzeria\Pizzeria.csproj", "{BF81D81A-C03D-4CA9-8DFE-183735C67150}"
EndProject
Project("{9A19103F-16F7-4668-BE54-9A1E7A4F7556}") = "Modulo4_Ejercico2", "Modulo4_Ejercico2\Modulo4_Ejercico2.csproj", "{74FE7018-998D-4A09-A507-9F0C44F1CE5C}"
EndProject
Project("{FAE04EC0-301F-11D3-BF4B-00C04F79EFBC}") = "CsvTools", "CsvTools\CsvTools.csproj", "{C24FA3B8-AB5B-465B-93D4-C90BE08B2AB3}"
EndProject
Global
	GlobalSection(SolutionConfigurationPlatforms) = preSolution
		Debug|Any CPU = Debug|Any CPU
		Release|Any CPU = Release|Any CPU
	EndGlobalSection
	GlobalSection(ProjectConfigurationPlatforms) = postSolution
		{6DE2E08E-F6C0-4227-BDD1-B86F45AA36A4}.Debug|Any CPU.ActiveCfg = Debug|Any CPU
		{6DE2E08E-F6C0-4227-BDD1-B86F45AA36A4}.Debug|Any CPU.Build.0 = Debug|Any CPU
		{6DE2E08E-F6C0-4227-BDD1-B86F45AA36A4}.Release|Any CPU.ActiveCfg = Release|Any CPU
		{6DE2E08E-F6C0-4227-BDD1-B86F45AA36A4}.Release|Any CPU.Build.0 = Release|Any CPU
		{BF81D81A-C03D-4CA9-8DFE-183735C67150}.Debug|Any CPU.ActiveCfg = Debug|Any CPU
		{BF81D81A-C03D-4CA9-8DFE-183735C67150}.Debug|Any CPU.Build.0 = Debug|Any CPU
		{BF81D81A-C03D-4CA9-8DFE-183735C67150}.Release|Any CPU.ActiveCfg = Release|Any CPU
		{BF81D81A-C03D-4CA9-8DFE-183735C67150}.Release|Any CPU.Build.0 = Release|Any CPU
		{74FE7018-998D-4A09-A507-9F0C44F1CE5C}.Debug|Any CPU.ActiveCfg = Debug|Any CPU
		{74FE7018-998D-4A09-A507-9F0C44F1CE5C}.Debug|Any CPU.Build.0 = Debug|Any CPU
		{74FE7018-998D-4A09-A507-9F0C44F1CE5C}.Release|Any CPU.ActiveCfg = Release|Any CPU
		{74FE7018-998D-4A09-A507-9F0C44F1CE5C}.Release|Any CPU.Build.0 = Release|Any CPU
		{C24FA3B8-AB5B-465B-93D4-C90BE08B2AB3}.Debug|Any CPU.ActiveCfg = Debug|Any CPU
		{C24FA3B8-AB5B-465B-93D4-C90BE08B2AB3}.Debug|Any CPU.Build.0 = Debug|Any CPU
		{C24FA3B8-AB5B-465B-93D4-C90BE08B2AB3}.Release|Any CPU.ActiveCfg = Release|Any CPU
		{C24FA3B8-AB5B-465B-93D4-C90BE08B2AB3}.Release|Any CPU.Build.0 = Release|Any CPU
	EndGlobalSection
	GlobalSection(SolutionProperties) = preSolution
		HideSolutionNode = FALSE
	EndGlobalSection
	GlobalSection(ExtensibilityGlobals) = postSolution
		SolutionGuid = {B49E496D-F503-4C81-A6DF-88B15861749E}
	EndGlobalSection
EndGlobal
