
Microsoft Visual Studio Solution File, Format Version 12.00
# Visual Studio Version 16
VisualStudioVersion = 16.0.32510.428
MinimumVisualStudioVersion = 10.0.40219.1
Project("{FAE04EC0-301F-11D3-BF4B-00C04F79EFBC}") = "Laboratorio06", "Laboratorio06\Laboratorio06.csproj", "{0FE41869-A5F3-41A3-90E4-ED9BC781A17F}"
EndProject
Global
	GlobalSection(SolutionConfigurationPlatforms) = preSolution
		Debug|Any CPU = Debug|Any CPU
		Release|Any CPU = Release|Any CPU
	EndGlobalSection
	GlobalSection(ProjectConfigurationPlatforms) = postSolution
		{0FE41869-A5F3-41A3-90E4-ED9BC781A17F}.Debug|Any CPU.ActiveCfg = Debug|Any CPU
		{0FE41869-A5F3-41A3-90E4-ED9BC781A17F}.Debug|Any CPU.Build.0 = Debug|Any CPU
		{0FE41869-A5F3-41A3-90E4-ED9BC781A17F}.Release|Any CPU.ActiveCfg = Release|Any CPU
		{0FE41869-A5F3-41A3-90E4-ED9BC781A17F}.Release|Any CPU.Build.0 = Release|Any CPU
	EndGlobalSection
	GlobalSection(SolutionProperties) = preSolution
		HideSolutionNode = FALSE
	EndGlobalSection
	GlobalSection(ExtensibilityGlobals) = postSolution
		SolutionGuid = {8CD8D4F1-C1FB-417D-AD26-105093E65200}
	EndGlobalSection
EndGlobal
