
Microsoft Visual Studio Solution File, Format Version 12.00
# Visual Studio Version 16
VisualStudioVersion = 16.0.32602.291
MinimumVisualStudioVersion = 10.0.40219.1
Project("{FAE04EC0-301F-11D3-BF4B-00C04F79EFBC}") = "ConectionTestDB", "ConectionTestDB\ConectionTestDB.csproj", "{B435B75B-408B-4EC2-84DE-7F5BCF879256}"
EndProject
Global
	GlobalSection(SolutionConfigurationPlatforms) = preSolution
		Debug|Any CPU = Debug|Any CPU
		Release|Any CPU = Release|Any CPU
	EndGlobalSection
	GlobalSection(ProjectConfigurationPlatforms) = postSolution
		{B435B75B-408B-4EC2-84DE-7F5BCF879256}.Debug|Any CPU.ActiveCfg = Debug|Any CPU
		{B435B75B-408B-4EC2-84DE-7F5BCF879256}.Debug|Any CPU.Build.0 = Debug|Any CPU
		{B435B75B-408B-4EC2-84DE-7F5BCF879256}.Release|Any CPU.ActiveCfg = Release|Any CPU
		{B435B75B-408B-4EC2-84DE-7F5BCF879256}.Release|Any CPU.Build.0 = Release|Any CPU
	EndGlobalSection
	GlobalSection(SolutionProperties) = preSolution
		HideSolutionNode = FALSE
	EndGlobalSection
	GlobalSection(ExtensibilityGlobals) = postSolution
		SolutionGuid = {886D0F97-C3BF-4CAC-A0B4-185EA036392E}
	EndGlobalSection
EndGlobal
